
Microsoft Visual Studio Solution File, Format Version 11.00
# Visual Studio 2010
Project("{FAE04EC0-301F-11D3-BF4B-00C04F79EFBC}") = "MapEditor", "MapEditor\MapEditor.csproj", "{88F6B72D-470D-4AD2-B9C8-4ADD67D0D762}"
EndProject
Global
	GlobalSection(SolutionConfigurationPlatforms) = preSolution
		Debug|x86 = Debug|x86
		Release|x86 = Release|x86
	EndGlobalSection
	GlobalSection(ProjectConfigurationPlatforms) = postSolution
		{88F6B72D-470D-4AD2-B9C8-4ADD67D0D762}.Debug|x86.ActiveCfg = Debug|x86
		{88F6B72D-470D-4AD2-B9C8-4ADD67D0D762}.Debug|x86.Build.0 = Debug|x86
		{88F6B72D-470D-4AD2-B9C8-4ADD67D0D762}.Release|x86.ActiveCfg = Release|x86
		{88F6B72D-470D-4AD2-B9C8-4ADD67D0D762}.Release|x86.Build.0 = Release|x86
	EndGlobalSection
	GlobalSection(SolutionProperties) = preSolution
		HideSolutionNode = FALSE
	EndGlobalSection
EndGlobal
